# This file is autogenerated, do not edit; changes may be undone by the next 'dep ensure'.


[[projects]]
  branch = "master"
  name = "github.com/golang/protobuf"
  packages = ["proto"]
  revision = "5a0f697c9ed9d68fef0116532c6e05cfeae00e55"

[[projects]]
  name = "github.com/gorilla/context"
  packages = ["."]
  revision = "1ea25387ff6f684839d82767c1733ff4d4d15d0a"
  version = "v1.1"

[[projects]]
  branch = "master"
  name = "github.com/gorilla/mux"
  packages = ["."]
  revision = "18fca31550181693b3a834a15b74b564b3605876"

[[projects]]
  branch = "master"
  name = "github.com/jpillora/go-ogle-analytics"
  packages = ["."]
  revision = "14b04e0594ef6a9fd943363b135656f0ec8c9d0e"

[[projects]]
  branch = "master"
  name = "golang.org/x/net"
  packages = ["context"]
  revision = "dfe83d419c9403b40b19d08cdba2afec27b002f7"

[[projects]]
  branch = "master"
  name = "google.golang.org/appengine"
  packages = [".","internal","internal/app_identity","internal/base","internal/datastore","internal/log","internal/modules","internal/remote_api","internal/urlfetch","log","urlfetch"]
  revision = "a2f4131514e563cedfdb6e7d267df9ad48591e93"

[solve-meta]
  analyzer-name = "dep"
  analyzer-version = 1
  inputs-digest = "fa47c5545897bff188af393e59c0bf5f109e2ebadc9a0e030820ff932754b0d4"
  solver-name = "gps-cdcl"
  solver-version = 1
